PODS:
  - AFNetworking (3.2.1):
    - AFNetworking/NSURLSession (= 3.2.1)
    - AFNetworking/Reachability (= 3.2.1)
    - AFNetworking/Security (= 3.2.1)
    - AFNetworking/Serialization (= 3.2.1)
    - AFNetworking/UIKit (= 3.2.1)
  - AFNetworking/NSURLSession (3.2.1):
    - AFNetworking/Reachability
    - AFNetworking/Security
    - AFNetworking/Serialization
  - AFNetworking/Reachability (3.2.1)
  - AFNetworking/Security (3.2.1)
  - AFNetworking/Serialization (3.2.1)
  - AFNetworking/UIKit (3.2.1):
    - AFNetworking/NSURLSession
  - ZLHTTPSessionManager (0.0.2):
    - AFNetworking (~> 3.2.1)
  - ZLKit (3.2.1):
    - ZLHTTPSessionManager (~> 0.0.2)
    - ZLNavigationBar (~> 0.1.0)
  - ZLNavigationBar (0.1.0)

DEPENDENCIES:
  - ZLKit (from `../`)

SPEC REPOS:
  https://github.com/cocoapods/specs.git:
    - AFNetworking
    - ZLHTTPSessionManager
    - ZLNavigationBar

EXTERNAL SOURCES:
  ZLKit:
    :path: "../"

SPEC CHECKSUMS:
  AFNetworking: b6f891fdfaed196b46c7a83cf209e09697b94057
  ZLHTTPSessionManager: f07aa427b5a1ea2aa511fff9155aeb70ef60e04a
  ZLKit: f6c4e930b394da92a48a4259fcd01e3bfa24b51d
  ZLNavigationBar: 0975a16f47cceb2e3a4b2c2d92f548f344e3e1ce

PODFILE CHECKSUM: ce87c763c84c08bbca7e13df20643dca5b138bf8

COCOAPODS: 1.6.1
