PODS:
  - AFNetworking (3.2.1):
    - AFNetworking/NSURLSession (= 3.2.1)
    - AFNetworking/Reachability (= 3.2.1)
    - AFNetworking/Security (= 3.2.1)
    - AFNetworking/Serialization (= 3.2.1)
    - AFNetworking/UIKit (= 3.2.1)
  - AFNetworking/NSURLSession (3.2.1):
    - AFNetworking/Reachability
    - AFNetworking/Security
    - AFNetworking/Serialization
  - AFNetworking/Reachability (3.2.1)
  - AFNetworking/Security (3.2.1)
  - AFNetworking/Serialization (3.2.1)
  - AFNetworking/UIKit (3.2.1):
    - AFNetworking/NSURLSession
  - ZLHTTPSessionManager (1.0.1):
    - ZLHTTPSessionManager/Unit (= 1.0.1)
  - ZLHTTPSessionManager/Unit (1.0.1):
    - AFNetworking (~> 3.2.1)
  - ZLKit (3.3.3):
    - ZLHTTPSessionManager (~> 1.0.1)
    - ZLNavigationBar (~> 1.0.1)
  - ZLNavigationBar (1.0.1):
    - ZLNavigationBar/Units (= 1.0.1)
  - ZLNavigationBar/Units (1.0.1)

DEPENDENCIES:
  - ZLKit (from `../`)

SPEC REPOS:
  https://github.com/CocoaPods/Specs.git:
    - AFNetworking
    - ZLHTTPSessionManager
    - ZLNavigationBar

EXTERNAL SOURCES:
  ZLKit:
    :path: "../"

SPEC CHECKSUMS:
  AFNetworking: b6f891fdfaed196b46c7a83cf209e09697b94057
  ZLHTTPSessionManager: c55a75a85b9c7b7d5fefaecee3cb2811bb6a338a
  ZLKit: 9fae35fbebc689cebb9e71c3202738dc0cad38ed
  ZLNavigationBar: bec5fe67c54ba68eacc3bc59ee56e92bc5c0c553

PODFILE CHECKSUM: 3bda7c641fcf5f7b9ae127e0f366a5cc60222019

COCOAPODS: 1.9.0.beta.3
