// !$*UTF8*$!
{
	archiveVersion = 1;
	classes = {
	};
	objectVersion = 50;
	objects = {

/* Begin PBXBuildFile section */
		11077A73219548E0D4DC0859 /* Pods_ZLKitDemo.framework in Frameworks */ = {isa = PBXBuildFile; fileRef = 1921D4742DEA5BDF70611339 /* Pods_ZLKitDemo.framework */; };
		44D606E2222E1A3B008F1811 /* AppDelegate.m in Sources */ = {isa = PBXBuildFile; fileRef = 44D606E1222E1A3B008F1811 /* AppDelegate.m */; };
		44D606E5222E1A3B008F1811 /* ViewController.m in Sources */ = {isa = PBXBuildFile; fileRef = 44D606E4222E1A3B008F1811 /* ViewController.m */; };
		44D606E8222E1A3B008F1811 /* Main.storyboard in Resources */ = {isa = PBXBuildFile; fileRef = 44D606E6222E1A3B008F1811 /* Main.storyboard */; };
		44D606EA222E1A3D008F1811 /* Assets.xcassets in Resources */ = {isa = PBXBuildFile; fileRef = 44D606E9222E1A3D008F1811 /* Assets.xcassets */; };
		44D606ED222E1A3D008F1811 /* LaunchScreen.storyboard in Resources */ = {isa = PBXBuildFile; fileRef = 44D606EB222E1A3D008F1811 /* LaunchScreen.storyboard */; };
		44D606F0222E1A3D008F1811 /* main.m in Sources */ = {isa = PBXBuildFile; fileRef = 44D606EF222E1A3D008F1811 /* main.m */; };
		44D6072E222E2047008F1811 /* ZLScrollView.m in Sources */ = {isa = PBXBuildFile; fileRef = 44D60720222E2045008F1811 /* ZLScrollView.m */; };
		44D6072F222E2047008F1811 /* ZLTableView.m in Sources */ = {isa = PBXBuildFile; fileRef = 44D60722222E2045008F1811 /* ZLTableView.m */; };
		44D60730222E2047008F1811 /* ZLCollectionView.m in Sources */ = {isa = PBXBuildFile; fileRef = 44D60724222E2045008F1811 /* ZLCollectionView.m */; };
		44D60732222E2047008F1811 /* ZLImaginaryLine.m in Sources */ = {isa = PBXBuildFile; fileRef = 44D60726222E2046008F1811 /* ZLImaginaryLine.m */; };
		44D60733222E2047008F1811 /* ZLImageView.m in Sources */ = {isa = PBXBuildFile; fileRef = 44D60727222E2046008F1811 /* ZLImageView.m */; };
		44D60734222E2047008F1811 /* ZLButton.m in Sources */ = {isa = PBXBuildFile; fileRef = 44D60728222E2046008F1811 /* ZLButton.m */; };
		44D60735222E2047008F1811 /* ZLLayer.m in Sources */ = {isa = PBXBuildFile; fileRef = 44D6072A222E2046008F1811 /* ZLLayer.m */; };
		44D60736222E2047008F1811 /* ZLLabel.m in Sources */ = {isa = PBXBuildFile; fileRef = 44D6072D222E2047008F1811 /* ZLLabel.m */; };
		44D6073B222E2068008F1811 /* ZLColor.m in Sources */ = {isa = PBXBuildFile; fileRef = 44D60739222E2068008F1811 /* ZLColor.m */; };
		44D6073C222E2068008F1811 /* ZLImage.m in Sources */ = {isa = PBXBuildFile; fileRef = 44D6073A222E2068008F1811 /* ZLImage.m */; };
		44D6073F222E2238008F1811 /* ZLTextField.m in Sources */ = {isa = PBXBuildFile; fileRef = 44D6073E222E2238008F1811 /* ZLTextField.m */; };
		44D60742222E2250008F1811 /* ZLTextView.m in Sources */ = {isa = PBXBuildFile; fileRef = 44D60741222E2250008F1811 /* ZLTextView.m */; };
		44D60745222E22B2008F1811 /* ZLWebView.m in Sources */ = {isa = PBXBuildFile; fileRef = 44D60744222E22B2008F1811 /* ZLWebView.m */; };
		44D60748222E24A8008F1811 /* UIView+ZLCustom.m in Sources */ = {isa = PBXBuildFile; fileRef = 44D60747222E24A8008F1811 /* UIView+ZLCustom.m */; };
		44D6074F222E29E3008F1811 /* ZLTimerManager.m in Sources */ = {isa = PBXBuildFile; fileRef = 44D6074E222E29E3008F1811 /* ZLTimerManager.m */; };
		44D60758222E2C5C008F1811 /* ZLTemplateManger.m in Sources */ = {isa = PBXBuildFile; fileRef = 44D60757222E2C5C008F1811 /* ZLTemplateManger.m */; };
/* End PBXBuildFile section */

/* Begin PBXFileReference section */
		1921D4742DEA5BDF70611339 /* Pods_ZLKitDemo.framework */ = {isa = PBXFileReference; explicitFileType = wrapper.framework; includeInIndex = 0; path = Pods_ZLKitDemo.framework; sourceTree = BUILT_PRODUCTS_DIR; };
		44D606DD222E1A3B008F1811 /* ZLKitDemo.app */ = {isa = PBXFileReference; explicitFileType = wrapper.application; includeInIndex = 0; path = ZLKitDemo.app; sourceTree = BUILT_PRODUCTS_DIR; };
		44D606E0222E1A3B008F1811 /* AppDelegate.h */ = {isa = PBXFileReference; lastKnownFileType = sourcecode.c.h; path = AppDelegate.h; sourceTree = "<group>"; };
		44D606E1222E1A3B008F1811 /* AppDelegate.m */ = {isa = PBXFileReference; lastKnownFileType = sourcecode.c.objc; path = AppDelegate.m; sourceTree = "<group>"; };
		44D606E3222E1A3B008F1811 /* ViewController.h */ = {isa = PBXFileReference; lastKnownFileType = sourcecode.c.h; path = ViewController.h; sourceTree = "<group>"; };
		44D606E4222E1A3B008F1811 /* ViewController.m */ = {isa = PBXFileReference; lastKnownFileType = sourcecode.c.objc; path = ViewController.m; sourceTree = "<group>"; };
		44D606E7222E1A3B008F1811 /* Base */ = {isa = PBXFileReference; lastKnownFileType = file.storyboard; name = Base; path = Base.lproj/Main.storyboard; sourceTree = "<group>"; };
		44D606E9222E1A3D008F1811 /* Assets.xcassets */ = {isa = PBXFileReference; lastKnownFileType = folder.assetcatalog; path = Assets.xcassets; sourceTree = "<group>"; };
		44D606EC222E1A3D008F1811 /* Base */ = {isa = PBXFileReference; lastKnownFileType = file.storyboard; name = Base; path = Base.lproj/LaunchScreen.storyboard; sourceTree = "<group>"; };
		44D606EE222E1A3D008F1811 /* Info.plist */ = {isa = PBXFileReference; lastKnownFileType = text.plist.xml; path = Info.plist; sourceTree = "<group>"; };
		44D606EF222E1A3D008F1811 /* main.m */ = {isa = PBXFileReference; lastKnownFileType = sourcecode.c.objc; path = main.m; sourceTree = "<group>"; };
		44D6071C222E2044008F1811 /* ZLImaginaryLine.h */ = {isa = PBXFileReference; fileEncoding = 4; lastKnownFileType = sourcecode.c.h; path = ZLImaginaryLine.h; sourceTree = "<group>"; };
		44D6071D222E2044008F1811 /* ZLButton.h */ = {isa = PBXFileReference; fileEncoding = 4; lastKnownFileType = sourcecode.c.h; path = ZLButton.h; sourceTree = "<group>"; };
		44D6071E222E2044008F1811 /* ZLImageView.h */ = {isa = PBXFileReference; fileEncoding = 4; lastKnownFileType = sourcecode.c.h; path = ZLImageView.h; sourceTree = "<group>"; };
		44D6071F222E2045008F1811 /* ZLCollectionView.h */ = {isa = PBXFileReference; fileEncoding = 4; lastKnownFileType = sourcecode.c.h; path = ZLCollectionView.h; sourceTree = "<group>"; };
		44D60720222E2045008F1811 /* ZLScrollView.m */ = {isa = PBXFileReference; fileEncoding = 4; lastKnownFileType = sourcecode.c.objc; path = ZLScrollView.m; sourceTree = "<group>"; };
		44D60721222E2045008F1811 /* ZLTableView.h */ = {isa = PBXFileReference; fileEncoding = 4; lastKnownFileType = sourcecode.c.h; path = ZLTableView.h; sourceTree = "<group>"; };
		44D60722222E2045008F1811 /* ZLTableView.m */ = {isa = PBXFileReference; fileEncoding = 4; lastKnownFileType = sourcecode.c.objc; path = ZLTableView.m; sourceTree = "<group>"; };
		44D60723222E2045008F1811 /* ZLLabel.h */ = {isa = PBXFileReference; fileEncoding = 4; lastKnownFileType = sourcecode.c.h; path = ZLLabel.h; sourceTree = "<group>"; };
		44D60724222E2045008F1811 /* ZLCollectionView.m */ = {isa = PBXFileReference; fileEncoding = 4; lastKnownFileType = sourcecode.c.objc; path = ZLCollectionView.m; sourceTree = "<group>"; };
		44D60726222E2046008F1811 /* ZLImaginaryLine.m */ = {isa = PBXFileReference; fileEncoding = 4; lastKnownFileType = sourcecode.c.objc; path = ZLImaginaryLine.m; sourceTree = "<group>"; };
		44D60727222E2046008F1811 /* ZLImageView.m */ = {isa = PBXFileReference; fileEncoding = 4; lastKnownFileType = sourcecode.c.objc; path = ZLImageView.m; sourceTree = "<group>"; };
		44D60728222E2046008F1811 /* ZLButton.m */ = {isa = PBXFileReference; fileEncoding = 4; lastKnownFileType = sourcecode.c.objc; path = ZLButton.m; sourceTree = "<group>"; };
		44D60729222E2046008F1811 /* ZLLayer.h */ = {isa = PBXFileReference; fileEncoding = 4; lastKnownFileType = sourcecode.c.h; path = ZLLayer.h; sourceTree = "<group>"; };
		44D6072A222E2046008F1811 /* ZLLayer.m */ = {isa = PBXFileReference; fileEncoding = 4; lastKnownFileType = sourcecode.c.objc; path = ZLLayer.m; sourceTree = "<group>"; };
		44D6072C222E2047008F1811 /* ZLScrollView.h */ = {isa = PBXFileReference; fileEncoding = 4; lastKnownFileType = sourcecode.c.h; path = ZLScrollView.h; sourceTree = "<group>"; };
		44D6072D222E2047008F1811 /* ZLLabel.m */ = {isa = PBXFileReference; fileEncoding = 4; lastKnownFileType = sourcecode.c.objc; path = ZLLabel.m; sourceTree = "<group>"; };
		44D60737222E2067008F1811 /* ZLColor.h */ = {isa = PBXFileReference; fileEncoding = 4; lastKnownFileType = sourcecode.c.h; path = ZLColor.h; sourceTree = "<group>"; };
		44D60738222E2067008F1811 /* ZLImage.h */ = {isa = PBXFileReference; fileEncoding = 4; lastKnownFileType = sourcecode.c.h; path = ZLImage.h; sourceTree = "<group>"; };
		44D60739222E2068008F1811 /* ZLColor.m */ = {isa = PBXFileReference; fileEncoding = 4; lastKnownFileType = sourcecode.c.objc; path = ZLColor.m; sourceTree = "<group>"; };
		44D6073A222E2068008F1811 /* ZLImage.m */ = {isa = PBXFileReference; fileEncoding = 4; lastKnownFileType = sourcecode.c.objc; path = ZLImage.m; sourceTree = "<group>"; };
		44D6073D222E2238008F1811 /* ZLTextField.h */ = {isa = PBXFileReference; lastKnownFileType = sourcecode.c.h; path = ZLTextField.h; sourceTree = "<group>"; };
		44D6073E222E2238008F1811 /* ZLTextField.m */ = {isa = PBXFileReference; lastKnownFileType = sourcecode.c.objc; path = ZLTextField.m; sourceTree = "<group>"; };
		44D60740222E2250008F1811 /* ZLTextView.h */ = {isa = PBXFileReference; lastKnownFileType = sourcecode.c.h; path = ZLTextView.h; sourceTree = "<group>"; };
		44D60741222E2250008F1811 /* ZLTextView.m */ = {isa = PBXFileReference; lastKnownFileType = sourcecode.c.objc; path = ZLTextView.m; sourceTree = "<group>"; };
		44D60743222E22B2008F1811 /* ZLWebView.h */ = {isa = PBXFileReference; lastKnownFileType = sourcecode.c.h; path = ZLWebView.h; sourceTree = "<group>"; };
		44D60744222E22B2008F1811 /* ZLWebView.m */ = {isa = PBXFileReference; lastKnownFileType = sourcecode.c.objc; path = ZLWebView.m; sourceTree = "<group>"; };
		44D60746222E24A8008F1811 /* UIView+ZLCustom.h */ = {isa = PBXFileReference; lastKnownFileType = sourcecode.c.h; path = "UIView+ZLCustom.h"; sourceTree = "<group>"; };
		44D60747222E24A8008F1811 /* UIView+ZLCustom.m */ = {isa = PBXFileReference; lastKnownFileType = sourcecode.c.objc; path = "UIView+ZLCustom.m"; sourceTree = "<group>"; };
		44D6074C222E28F8008F1811 /* ZLKitHeader.h */ = {isa = PBXFileReference; lastKnownFileType = sourcecode.c.h; path = ZLKitHeader.h; sourceTree = "<group>"; };
		44D6074D222E29E3008F1811 /* ZLTimerManager.h */ = {isa = PBXFileReference; lastKnownFileType = sourcecode.c.h; path = ZLTimerManager.h; sourceTree = "<group>"; };
		44D6074E222E29E3008F1811 /* ZLTimerManager.m */ = {isa = PBXFileReference; lastKnownFileType = sourcecode.c.objc; path = ZLTimerManager.m; sourceTree = "<group>"; };
		44D60756222E2C5C008F1811 /* ZLTemplateManger.h */ = {isa = PBXFileReference; lastKnownFileType = sourcecode.c.h; path = ZLTemplateManger.h; sourceTree = "<group>"; };
		44D60757222E2C5C008F1811 /* ZLTemplateManger.m */ = {isa = PBXFileReference; lastKnownFileType = sourcecode.c.objc; path = ZLTemplateManger.m; sourceTree = "<group>"; };
		B3890CE9A6401FFDAAA73A37 /* Pods-ZLKitDemo.release.xcconfig */ = {isa = PBXFileReference; includeInIndex = 1; lastKnownFileType = text.xcconfig; name = "Pods-ZLKitDemo.release.xcconfig"; path = "Target Support Files/Pods-ZLKitDemo/Pods-ZLKitDemo.release.xcconfig"; sourceTree = "<group>"; };
		F786AF2897AB4C5829E276C8 /* Pods-ZLKitDemo.debug.xcconfig */ = {isa = PBXFileReference; includeInIndex = 1; lastKnownFileType = text.xcconfig; name = "Pods-ZLKitDemo.debug.xcconfig"; path = "Target Support Files/Pods-ZLKitDemo/Pods-ZLKitDemo.debug.xcconfig"; sourceTree = "<group>"; };
/* End PBXFileReference section */

/* Begin PBXFrameworksBuildPhase section */
		44D606DA222E1A3B008F1811 /* Frameworks */ = {
			isa = PBXFrameworksBuildPhase;
			buildActionMask = 2147483647;
			files = (
				11077A73219548E0D4DC0859 /* Pods_ZLKitDemo.framework in Frameworks */,
			);
			runOnlyForDeploymentPostprocessing = 0;
		};
/* End PBXFrameworksBuildPhase section */

/* Begin PBXGroup section */
		44D606D4222E1A3B008F1811 = {
			isa = PBXGroup;
			children = (
				44D606DF222E1A3B008F1811 /* ZLKitDemo */,
				44D606DE222E1A3B008F1811 /* Products */,
				9E8B6BF281D5D0FAB3DF24F4 /* Pods */,
				A808BB82C3C2E169224BE1F7 /* Frameworks */,
			);
			sourceTree = "<group>";
		};
		44D606DE222E1A3B008F1811 /* Products */ = {
			isa = PBXGroup;
			children = (
				44D606DD222E1A3B008F1811 /* ZLKitDemo.app */,
			);
			name = Products;
			sourceTree = "<group>";
		};
		44D606DF222E1A3B008F1811 /* ZLKitDemo */ = {
			isa = PBXGroup;
			children = (
				44D606F6222E1C84008F1811 /* Library */,
				44D606E0222E1A3B008F1811 /* AppDelegate.h */,
				44D606E1222E1A3B008F1811 /* AppDelegate.m */,
				44D606E3222E1A3B008F1811 /* ViewController.h */,
				44D606E4222E1A3B008F1811 /* ViewController.m */,
				44D606E6222E1A3B008F1811 /* Main.storyboard */,
				44D606E9222E1A3D008F1811 /* Assets.xcassets */,
				44D606EB222E1A3D008F1811 /* LaunchScreen.storyboard */,
				44D606EE222E1A3D008F1811 /* Info.plist */,
				44D606EF222E1A3D008F1811 /* main.m */,
			);
			path = ZLKitDemo;
			sourceTree = "<group>";
		};
		44D606F6222E1C84008F1811 /* Library */ = {
			isa = PBXGroup;
			children = (
				44D6074C222E28F8008F1811 /* ZLKitHeader.h */,
				44D60746222E24A8008F1811 /* UIView+ZLCustom.h */,
				44D60747222E24A8008F1811 /* UIView+ZLCustom.m */,
				44D60723222E2045008F1811 /* ZLLabel.h */,
				44D6072D222E2047008F1811 /* ZLLabel.m */,
				44D6071E222E2044008F1811 /* ZLImageView.h */,
				44D60727222E2046008F1811 /* ZLImageView.m */,
				44D6071D222E2044008F1811 /* ZLButton.h */,
				44D60728222E2046008F1811 /* ZLButton.m */,
				44D6073D222E2238008F1811 /* ZLTextField.h */,
				44D6073E222E2238008F1811 /* ZLTextField.m */,
				44D60740222E2250008F1811 /* ZLTextView.h */,
				44D60741222E2250008F1811 /* ZLTextView.m */,
				44D60743222E22B2008F1811 /* ZLWebView.h */,
				44D60744222E22B2008F1811 /* ZLWebView.m */,
				44D6072C222E2047008F1811 /* ZLScrollView.h */,
				44D60720222E2045008F1811 /* ZLScrollView.m */,
				44D60721222E2045008F1811 /* ZLTableView.h */,
				44D60722222E2045008F1811 /* ZLTableView.m */,
				44D6071F222E2045008F1811 /* ZLCollectionView.h */,
				44D60724222E2045008F1811 /* ZLCollectionView.m */,
				44D6071C222E2044008F1811 /* ZLImaginaryLine.h */,
				44D60726222E2046008F1811 /* ZLImaginaryLine.m */,
				44D60737222E2067008F1811 /* ZLColor.h */,
				44D60739222E2068008F1811 /* ZLColor.m */,
				44D60738222E2067008F1811 /* ZLImage.h */,
				44D6073A222E2068008F1811 /* ZLImage.m */,
				44D60729222E2046008F1811 /* ZLLayer.h */,
				44D6072A222E2046008F1811 /* ZLLayer.m */,
				44D6074D222E29E3008F1811 /* ZLTimerManager.h */,
				44D6074E222E29E3008F1811 /* ZLTimerManager.m */,
				44D60756222E2C5C008F1811 /* ZLTemplateManger.h */,
				44D60757222E2C5C008F1811 /* ZLTemplateManger.m */,
			);
			path = Library;
			sourceTree = "<group>";
		};
		9E8B6BF281D5D0FAB3DF24F4 /* Pods */ = {
			isa = PBXGroup;
			children = (
				F786AF2897AB4C5829E276C8 /* Pods-ZLKitDemo.debug.xcconfig */,
				B3890CE9A6401FFDAAA73A37 /* Pods-ZLKitDemo.release.xcconfig */,
			);
			path = Pods;
			sourceTree = "<group>";
		};
		A808BB82C3C2E169224BE1F7 /* Frameworks */ = {
			isa = PBXGroup;
			children = (
				1921D4742DEA5BDF70611339 /* Pods_ZLKitDemo.framework */,
			);
			name = Frameworks;
			sourceTree = "<group>";
		};
/* End PBXGroup section */

/* Begin PBXNativeTarget section */
		44D606DC222E1A3B008F1811 /* ZLKitDemo */ = {
			isa = PBXNativeTarget;
			buildConfigurationList = 44D606F3222E1A3D008F1811 /* Build configuration list for PBXNativeTarget "ZLKitDemo" */;
			buildPhases = (
				1117B5EBFCCD3BDC23F4276F /* [CP] Check Pods Manifest.lock */,
				44D606D9222E1A3B008F1811 /* Sources */,
				44D606DA222E1A3B008F1811 /* Frameworks */,
				44D606DB222E1A3B008F1811 /* Resources */,
				698096D9DB670ED70457971A /* [CP] Embed Pods Frameworks */,
			);
			buildRules = (
			);
			dependencies = (
			);
			name = ZLKitDemo;
			productName = ZLKitDemo;
			productReference = 44D606DD222E1A3B008F1811 /* ZLKitDemo.app */;
			productType = "com.apple.product-type.application";
		};
/* End PBXNativeTarget section */

/* Begin PBXProject section */
		44D606D5222E1A3B008F1811 /* Project object */ = {
			isa = PBXProject;
			attributes = {
				LastUpgradeCheck = 1010;
				ORGANIZATIONNAME = "赵磊";
				TargetAttributes = {
					44D606DC222E1A3B008F1811 = {
						CreatedOnToolsVersion = 10.1;
					};
				};
			};
			buildConfigurationList = 44D606D8222E1A3B008F1811 /* Build configuration list for PBXProject "ZLKitDemo" */;
			compatibilityVersion = "Xcode 9.3";
			developmentRegion = en;
			hasScannedForEncodings = 0;
			knownRegions = (
				en,
				Base,
			);
			mainGroup = 44D606D4222E1A3B008F1811;
			productRefGroup = 44D606DE222E1A3B008F1811 /* Products */;
			projectDirPath = "";
			projectRoot = "";
			targets = (
				44D606DC222E1A3B008F1811 /* ZLKitDemo */,
			);
		};
/* End PBXProject section */

/* Begin PBXResourcesBuildPhase section */
		44D606DB222E1A3B008F1811 /* Resources */ = {
			isa = PBXResourcesBuildPhase;
			buildActionMask = 2147483647;
			files = (
				44D606ED222E1A3D008F1811 /* LaunchScreen.storyboard in Resources */,
				44D606EA222E1A3D008F1811 /* Assets.xcassets in Resources */,
				44D606E8222E1A3B008F1811 /* Main.storyboard in Resources */,
			);
			runOnlyForDeploymentPostprocessing = 0;
		};
/* End PBXResourcesBuildPhase section */

/* Begin PBXShellScriptBuildPhase section */
		1117B5EBFCCD3BDC23F4276F /* [CP] Check Pods Manifest.lock */ = {
			isa = PBXShellScriptBuildPhase;
			buildActionMask = 2147483647;
			files = (
			);
			inputFileListPaths = (
			);
			inputPaths = (
				"${PODS_PODFILE_DIR_PATH}/Podfile.lock",
				"${PODS_ROOT}/Manifest.lock",
			);
			name = "[CP] Check Pods Manifest.lock";
			outputFileListPaths = (
			);
			outputPaths = (
				"$(DERIVED_FILE_DIR)/Pods-ZLKitDemo-checkManifestLockResult.txt",
			);
			runOnlyForDeploymentPostprocessing = 0;
			shellPath = /bin/sh;
			shellScript = "diff \"${PODS_PODFILE_DIR_PATH}/Podfile.lock\" \"${PODS_ROOT}/Manifest.lock\" > /dev/null\nif [ $? != 0 ] ; then\n    # print error to STDERR\n    echo \"error: The sandbox is not in sync with the Podfile.lock. Run 'pod install' or update your CocoaPods installation.\" >&2\n    exit 1\nfi\n# This output is used by Xcode 'outputs' to avoid re-running this script phase.\necho \"SUCCESS\" > \"${SCRIPT_OUTPUT_FILE_0}\"\n";
			showEnvVarsInLog = 0;
		};
		698096D9DB670ED70457971A /* [CP] Embed Pods Frameworks */ = {
			isa = PBXShellScriptBuildPhase;
			buildActionMask = 2147483647;
			files = (
			);
			inputFileListPaths = (
			);
			inputPaths = (
				"${PODS_ROOT}/Target Support Files/Pods-ZLKitDemo/Pods-ZLKitDemo-frameworks.sh",
				"${BUILT_PRODUCTS_DIR}/AFNetworking/AFNetworking.framework",
				"${BUILT_PRODUCTS_DIR}/MJRefresh/MJRefresh.framework",
				"${BUILT_PRODUCTS_DIR}/SDCycleScrollView/SDCycleScrollView.framework",
				"${BUILT_PRODUCTS_DIR}/SDWebImage/SDWebImage.framework",
				"${BUILT_PRODUCTS_DIR}/ZLHTTPSessionManager/ZLHTTPSessionManager.framework",
				"${BUILT_PRODUCTS_DIR}/ZLNavigationBar/ZLNavigationBar.framework",
			);
			name = "[CP] Embed Pods Frameworks";
			outputFileListPaths = (
			);
			outputPaths = (
				"${TARGET_BUILD_DIR}/${FRAMEWORKS_FOLDER_PATH}/AFNetworking.framework",
				"${TARGET_BUILD_DIR}/${FRAMEWORKS_FOLDER_PATH}/MJRefresh.framework",
				"${TARGET_BUILD_DIR}/${FRAMEWORKS_FOLDER_PATH}/SDCycleScrollView.framework",
				"${TARGET_BUILD_DIR}/${FRAMEWORKS_FOLDER_PATH}/SDWebImage.framework",
				"${TARGET_BUILD_DIR}/${FRAMEWORKS_FOLDER_PATH}/ZLHTTPSessionManager.framework",
				"${TARGET_BUILD_DIR}/${FRAMEWORKS_FOLDER_PATH}/ZLNavigationBar.framework",
			);
			runOnlyForDeploymentPostprocessing = 0;
			shellPath = /bin/sh;
			shellScript = "\"${PODS_ROOT}/Target Support Files/Pods-ZLKitDemo/Pods-ZLKitDemo-frameworks.sh\"\n";
			showEnvVarsInLog = 0;
		};
/* End PBXShellScriptBuildPhase section */

/* Begin PBXSourcesBuildPhase section */
		44D606D9222E1A3B008F1811 /* Sources */ = {
			isa = PBXSourcesBuildPhase;
			buildActionMask = 2147483647;
			files = (
				44D606E5222E1A3B008F1811 /* ViewController.m in Sources */,
				44D6073C222E2068008F1811 /* ZLImage.m in Sources */,
				44D60758222E2C5C008F1811 /* ZLTemplateManger.m in Sources */,
				44D6072F222E2047008F1811 /* ZLTableView.m in Sources */,
				44D60730222E2047008F1811 /* ZLCollectionView.m in Sources */,
				44D60732222E2047008F1811 /* ZLImaginaryLine.m in Sources */,
				44D6072E222E2047008F1811 /* ZLScrollView.m in Sources */,
				44D60736222E2047008F1811 /* ZLLabel.m in Sources */,
				44D606F0222E1A3D008F1811 /* main.m in Sources */,
				44D60735222E2047008F1811 /* ZLLayer.m in Sources */,
				44D6074F222E29E3008F1811 /* ZLTimerManager.m in Sources */,
				44D60734222E2047008F1811 /* ZLButton.m in Sources */,
				44D6073B222E2068008F1811 /* ZLColor.m in Sources */,
				44D6073F222E2238008F1811 /* ZLTextField.m in Sources */,
				44D60742222E2250008F1811 /* ZLTextView.m in Sources */,
				44D606E2222E1A3B008F1811 /* AppDelegate.m in Sources */,
				44D60748222E24A8008F1811 /* UIView+ZLCustom.m in Sources */,
				44D60733222E2047008F1811 /* ZLImageView.m in Sources */,
				44D60745222E22B2008F1811 /* ZLWebView.m in Sources */,
			);
			runOnlyForDeploymentPostprocessing = 0;
		};
/* End PBXSourcesBuildPhase section */

/* Begin PBXVariantGroup section */
		44D606E6222E1A3B008F1811 /* Main.storyboard */ = {
			isa = PBXVariantGroup;
			children = (
				44D606E7222E1A3B008F1811 /* Base */,
			);
			name = Main.storyboard;
			sourceTree = "<group>";
		};
		44D606EB222E1A3D008F1811 /* LaunchScreen.storyboard */ = {
			isa = PBXVariantGroup;
			children = (
				44D606EC222E1A3D008F1811 /* Base */,
			);
			name = LaunchScreen.storyboard;
			sourceTree = "<group>";
		};
/* End PBXVariantGroup section */

/* Begin XCBuildConfiguration section */
		44D606F1222E1A3D008F1811 /* Debug */ = {
			isa = XCBuildConfiguration;
			buildSettings = {
				ALWAYS_SEARCH_USER_PATHS = NO;
				CLANG_ANALYZER_NONNULL = YES;
				CLANG_ANALYZER_NUMBER_OBJECT_CONVERSION = YES_AGGRESSIVE;
				CLANG_CXX_LANGUAGE_STANDARD = "gnu++14";
				CLANG_CXX_LIBRARY = "libc++";
				CLANG_ENABLE_MODULES = YES;
				CLANG_ENABLE_OBJC_ARC = YES;
				CLANG_ENABLE_OBJC_WEAK = YES;
				CLANG_WARN_BLOCK_CAPTURE_AUTORELEASING = YES;
				CLANG_WARN_BOOL_CONVERSION = YES;
				CLANG_WARN_COMMA = YES;
				CLANG_WARN_CONSTANT_CONVERSION = YES;
				CLANG_WARN_DEPRECATED_OBJC_IMPLEMENTATIONS = YES;
				CLANG_WARN_DIRECT_OBJC_ISA_USAGE = YES_ERROR;
				CLANG_WARN_DOCUMENTATION_COMMENTS = YES;
				CLANG_WARN_EMPTY_BODY = YES;
				CLANG_WARN_ENUM_CONVERSION = YES;
				CLANG_WARN_INFINITE_RECURSION = YES;
				CLANG_WARN_INT_CONVERSION = YES;
				CLANG_WARN_NON_LITERAL_NULL_CONVERSION = YES;
				CLANG_WARN_OBJC_IMPLICIT_RETAIN_SELF = YES;
				CLANG_WARN_OBJC_LITERAL_CONVERSION = YES;
				CLANG_WARN_OBJC_ROOT_CLASS = YES_ERROR;
				CLANG_WARN_RANGE_LOOP_ANALYSIS = YES;
				CLANG_WARN_STRICT_PROTOTYPES = YES;
				CLANG_WARN_SUSPICIOUS_MOVE = YES;
				CLANG_WARN_UNGUARDED_AVAILABILITY = YES_AGGRESSIVE;
				CLANG_WARN_UNREACHABLE_CODE = YES;
				CLANG_WARN__DUPLICATE_METHOD_MATCH = YES;
				CODE_SIGN_IDENTITY = "iPhone Developer";
				COPY_PHASE_STRIP = NO;
				DEBUG_INFORMATION_FORMAT = dwarf;
				ENABLE_STRICT_OBJC_MSGSEND = YES;
				ENABLE_TESTABILITY = YES;
				GCC_C_LANGUAGE_STANDARD = gnu11;
				GCC_DYNAMIC_NO_PIC = NO;
				GCC_NO_COMMON_BLOCKS = YES;
				GCC_OPTIMIZATION_LEVEL = 0;
				GCC_PREPROCESSOR_DEFINITIONS = (
					"DEBUG=1",
					"$(inherited)",
				);
				GCC_WARN_64_TO_32_BIT_CONVERSION = YES;
				GCC_WARN_ABOUT_RETURN_TYPE = YES_ERROR;
				GCC_WARN_UNDECLARED_SELECTOR = YES;
				GCC_WARN_UNINITIALIZED_AUTOS = YES_AGGRESSIVE;
				GCC_WARN_UNUSED_FUNCTION = YES;
				GCC_WARN_UNUSED_VARIABLE = YES;
				IPHONEOS_DEPLOYMENT_TARGET = 12.1;
				MTL_ENABLE_DEBUG_INFO = INCLUDE_SOURCE;
				MTL_FAST_MATH = YES;
				ONLY_ACTIVE_ARCH = YES;
				SDKROOT = iphoneos;
			};
			name = Debug;
		};
		44D606F2222E1A3D008F1811 /* Release */ = {
			isa = XCBuildConfiguration;
			buildSettings = {
				ALWAYS_SEARCH_USER_PATHS = NO;
				CLANG_ANALYZER_NONNULL = YES;
				CLANG_ANALYZER_NUMBER_OBJECT_CONVERSION = YES_AGGRESSIVE;
				CLANG_CXX_LANGUAGE_STANDARD = "gnu++14";
				CLANG_CXX_LIBRARY = "libc++";
				CLANG_ENABLE_MODULES = YES;
				CLANG_ENABLE_OBJC_ARC = YES;
				CLANG_ENABLE_OBJC_WEAK = YES;
				CLANG_WARN_BLOCK_CAPTURE_AUTORELEASING = YES;
				CLANG_WARN_BOOL_CONVERSION = YES;
				CLANG_WARN_COMMA = YES;
				CLANG_WARN_CONSTANT_CONVERSION = YES;
				CLANG_WARN_DEPRECATED_OBJC_IMPLEMENTATIONS = YES;
				CLANG_WARN_DIRECT_OBJC_ISA_USAGE = YES_ERROR;
				CLANG_WARN_DOCUMENTATION_COMMENTS = YES;
				CLANG_WARN_EMPTY_BODY = YES;
				CLANG_WARN_ENUM_CONVERSION = YES;
				CLANG_WARN_INFINITE_RECURSION = YES;
				CLANG_WARN_INT_CONVERSION = YES;
				CLANG_WARN_NON_LITERAL_NULL_CONVERSION = YES;
				CLANG_WARN_OBJC_IMPLICIT_RETAIN_SELF = YES;
				CLANG_WARN_OBJC_LITERAL_CONVERSION = YES;
				CLANG_WARN_OBJC_ROOT_CLASS = YES_ERROR;
				CLANG_WARN_RANGE_LOOP_ANALYSIS = YES;
				CLANG_WARN_STRICT_PROTOTYPES = YES;
				CLANG_WARN_SUSPICIOUS_MOVE = YES;
				CLANG_WARN_UNGUARDED_AVAILABILITY = YES_AGGRESSIVE;
				CLANG_WARN_UNREACHABLE_CODE = YES;
				CLANG_WARN__DUPLICATE_METHOD_MATCH = YES;
				CODE_SIGN_IDENTITY = "iPhone Developer";
				COPY_PHASE_STRIP = NO;
				DEBUG_INFORMATION_FORMAT = "dwarf-with-dsym";
				ENABLE_NS_ASSERTIONS = NO;
				ENABLE_STRICT_OBJC_MSGSEND = YES;
				GCC_C_LANGUAGE_STANDARD = gnu11;
				GCC_NO_COMMON_BLOCKS = YES;
				GCC_WARN_64_TO_32_BIT_CONVERSION = YES;
				GCC_WARN_ABOUT_RETURN_TYPE = YES_ERROR;
				GCC_WARN_UNDECLARED_SELECTOR = YES;
				GCC_WARN_UNINITIALIZED_AUTOS = YES_AGGRESSIVE;
				GCC_WARN_UNUSED_FUNCTION = YES;
				GCC_WARN_UNUSED_VARIABLE = YES;
				IPHONEOS_DEPLOYMENT_TARGET = 12.1;
				MTL_ENABLE_DEBUG_INFO = NO;
				MTL_FAST_MATH = YES;
				SDKROOT = iphoneos;
				VALIDATE_PRODUCT = YES;
			};
			name = Release;
		};
		44D606F4222E1A3D008F1811 /* Debug */ = {
			isa = XCBuildConfiguration;
			baseConfigurationReference = F786AF2897AB4C5829E276C8 /* Pods-ZLKitDemo.debug.xcconfig */;
			buildSettings = {
				ASSETCATALOG_COMPILER_APPICON_NAME = AppIcon;
				CODE_SIGN_STYLE = Automatic;
				DEVELOPMENT_TEAM = U7G4UNBP52;
				INFOPLIST_FILE = ZLKitDemo/Info.plist;
				LD_RUNPATH_SEARCH_PATHS = (
					"$(inherited)",
					"@executable_path/Frameworks",
				);
				PRODUCT_BUNDLE_IDENTIFIER = com.zhaolei.ZLKitDemo;
				PRODUCT_NAME = "$(TARGET_NAME)";
				TARGETED_DEVICE_FAMILY = "1,2";
			};
			name = Debug;
		};
		44D606F5222E1A3D008F1811 /* Release */ = {
			isa = XCBuildConfiguration;
			baseConfigurationReference = B3890CE9A6401FFDAAA73A37 /* Pods-ZLKitDemo.release.xcconfig */;
			buildSettings = {
				ASSETCATALOG_COMPILER_APPICON_NAME = AppIcon;
				CODE_SIGN_STYLE = Automatic;
				DEVELOPMENT_TEAM = U7G4UNBP52;
				INFOPLIST_FILE = ZLKitDemo/Info.plist;
				LD_RUNPATH_SEARCH_PATHS = (
					"$(inherited)",
					"@executable_path/Frameworks",
				);
				PRODUCT_BUNDLE_IDENTIFIER = com.zhaolei.ZLKitDemo;
				PRODUCT_NAME = "$(TARGET_NAME)";
				TARGETED_DEVICE_FAMILY = "1,2";
			};
			name = Release;
		};
/* End XCBuildConfiguration section */

/* Begin XCConfigurationList section */
		44D606D8222E1A3B008F1811 /* Build configuration list for PBXProject "ZLKitDemo" */ = {
			isa = XCConfigurationList;
			buildConfigurations = (
				44D606F1222E1A3D008F1811 /* Debug */,
				44D606F2222E1A3D008F1811 /* Release */,
			);
			defaultConfigurationIsVisible = 0;
			defaultConfigurationName = Release;
		};
		44D606F3222E1A3D008F1811 /* Build configuration list for PBXNativeTarget "ZLKitDemo" */ = {
			isa = XCConfigurationList;
			buildConfigurations = (
				44D606F4222E1A3D008F1811 /* Debug */,
				44D606F5222E1A3D008F1811 /* Release */,
			);
			defaultConfigurationIsVisible = 0;
			defaultConfigurationName = Release;
		};
/* End XCConfigurationList section */
	};
	rootObject = 44D606D5222E1A3B008F1811 /* Project object */;
}
